Microsoft Visual Studio Solution File, Format Version 12.00
# Visual Studio 2013
VisualStudioVersion = 12.0.31101.0
MinimumVisualStudioVersion = 10.0.40219.1
Project("{2150E333-8FDC-42A3-9474-1A3956D46DE8}") = "Assets", "Assets", "{2EC480A8-BA7F-46D7-9BAB-0B1684A868F1}"
	ProjectSection(SolutionItems) = preProject
		nuget.config = nuget.config
		README.md = README.md
	EndProjectSection
EndProject
Project("{FAE04EC0-301F-11D3-BF4B-00C04F79EFBC}") = "JE.EmbeddedChecks", "src\JE.EmbeddedChecks\JE.EmbeddedChecks.csproj", "{34ACDBE5-8B6C-4432-86AA-9D8567CDC2B6}"
EndProject
Project("{FAE04EC0-301F-11D3-BF4B-00C04F79EFBC}") = "JE.EmbeddedChecks.Tests", "src\JE.EmbeddedChecks.Tests\JE.EmbeddedChecks.Tests.csproj", "{54A59EFC-DF7F-4013-A9F3-F742ADE119A4}"
EndProject
Project("{FAE04EC0-301F-11D3-BF4B-00C04F79EFBC}") = "JE.EmbeddedChecks.StatsD", "src\JE.EmbeddedChecks.StatsD\JE.EmbeddedChecks.StatsD.csproj", "{E241E675-71DD-4241-B479-65222C61A6BB}"
EndProject
Global
	GlobalSection(SolutionConfigurationPlatforms) = preSolution
		Debug|Any CPU = Debug|Any CPU
		Release|Any CPU = Release|Any CPU
	EndGlobalSection
	GlobalSection(ProjectConfigurationPlatforms) = postSolution
		{34ACDBE5-8B6C-4432-86AA-9D8567CDC2B6}.Debug|Any CPU.ActiveCfg = Debug|Any CPU
		{34ACDBE5-8B6C-4432-86AA-9D8567CDC2B6}.Debug|Any CPU.Build.0 = Debug|Any CPU
		{34ACDBE5-8B6C-4432-86AA-9D8567CDC2B6}.Release|Any CPU.ActiveCfg = Release|Any CPU
		{34ACDBE5-8B6C-4432-86AA-9D8567CDC2B6}.Release|Any CPU.Build.0 = Release|Any CPU
		{54A59EFC-DF7F-4013-A9F3-F742ADE119A4}.Debug|Any CPU.ActiveCfg = Debug|Any CPU
		{54A59EFC-DF7F-4013-A9F3-F742ADE119A4}.Debug|Any CPU.Build.0 = Debug|Any CPU
		{54A59EFC-DF7F-4013-A9F3-F742ADE119A4}.Release|Any CPU.ActiveCfg = Release|Any CPU
		{54A59EFC-DF7F-4013-A9F3-F742ADE119A4}.Release|Any CPU.Build.0 = Release|Any CPU
		{E241E675-71DD-4241-B479-65222C61A6BB}.Debug|Any CPU.ActiveCfg = Debug|Any CPU
		{E241E675-71DD-4241-B479-65222C61A6BB}.Debug|Any CPU.Build.0 = Debug|Any CPU
		{E241E675-71DD-4241-B479-65222C61A6BB}.Release|Any CPU.ActiveCfg = Release|Any CPU
		{E241E675-71DD-4241-B479-65222C61A6BB}.Release|Any CPU.Build.0 = Release|Any CPU
	EndGlobalSection
	GlobalSection(SolutionProperties) = preSolution
		HideSolutionNode = FALSE
	EndGlobalSection
EndGlobal
